
Microsoft Visual Studio Solution File, Format Version 12.00
# Visual Studio 14
VisualStudioVersion = 14.0.22609.0
MinimumVisualStudioVersion = 10.0.40219.1
Project("{FAE04EC0-301F-11D3-BF4B-00C04F79EFBC}") = "Automate", "Automate\Automate.csproj", "{026B1E28-BBD0-4F1F-AA12-85A2A9C3A2DC}"
EndProject
Project("{FAE04EC0-301F-11D3-BF4B-00C04F79EFBC}") = "Automate.UITests", "Automate.UITests\Automate.UITests.csproj", "{9C58A4FD-4F25-43A7-B28B-CAB4D5CEA007}"
EndProject
Project("{FAE04EC0-301F-11D3-BF4B-00C04F79EFBC}") = "DukSharp.Test", "DukSharp.Test\DukSharp.Test.csproj", "{81EA0B0D-03F6-441B-998F-CCBF8F3C3FB6}"
EndProject
Project("{FAE04EC0-301F-11D3-BF4B-00C04F79EFBC}") = "DukSharp.BindingGen", "DukSharp.BindingGen\DukSharp.BindingGen.csproj", "{E8126477-C62A-471A-B110-D187087EFD70}"
EndProject
Project("{FAE04EC0-301F-11D3-BF4B-00C04F79EFBC}") = "DukSharp", "DukSharp\DukSharp.csproj", "{F8F47776-D0E6-4208-8D5C-D37F6168C7C6}"
EndProject
Global
	GlobalSection(SolutionConfigurationPlatforms) = preSolution
		Debug|Any CPU = Debug|Any CPU
		Debug|ARM = Debug|ARM
		Debug|x86 = Debug|x86
		Release|Any CPU = Release|Any CPU
		Release|ARM = Release|ARM
		Release|x86 = Release|x86
	EndGlobalSection
	GlobalSection(ProjectConfigurationPlatforms) = postSolution
		{026B1E28-BBD0-4F1F-AA12-85A2A9C3A2DC}.Debug|Any CPU.ActiveCfg = Debug|Any CPU
		{026B1E28-BBD0-4F1F-AA12-85A2A9C3A2DC}.Debug|Any CPU.Build.0 = Debug|Any CPU
		{026B1E28-BBD0-4F1F-AA12-85A2A9C3A2DC}.Debug|Any CPU.Deploy.0 = Debug|Any CPU
		{026B1E28-BBD0-4F1F-AA12-85A2A9C3A2DC}.Debug|ARM.ActiveCfg = Release|Any CPU
		{026B1E28-BBD0-4F1F-AA12-85A2A9C3A2DC}.Debug|ARM.Build.0 = Release|Any CPU
		{026B1E28-BBD0-4F1F-AA12-85A2A9C3A2DC}.Debug|ARM.Deploy.0 = Release|Any CPU
		{026B1E28-BBD0-4F1F-AA12-85A2A9C3A2DC}.Debug|x86.ActiveCfg = Release|Any CPU
		{026B1E28-BBD0-4F1F-AA12-85A2A9C3A2DC}.Debug|x86.Build.0 = Release|Any CPU
		{026B1E28-BBD0-4F1F-AA12-85A2A9C3A2DC}.Debug|x86.Deploy.0 = Release|Any CPU
		{026B1E28-BBD0-4F1F-AA12-85A2A9C3A2DC}.Release|Any CPU.ActiveCfg = Release|Any CPU
		{026B1E28-BBD0-4F1F-AA12-85A2A9C3A2DC}.Release|Any CPU.Build.0 = Release|Any CPU
		{026B1E28-BBD0-4F1F-AA12-85A2A9C3A2DC}.Release|Any CPU.Deploy.0 = Release|Any CPU
		{026B1E28-BBD0-4F1F-AA12-85A2A9C3A2DC}.Release|ARM.ActiveCfg = Release|Any CPU
		{026B1E28-BBD0-4F1F-AA12-85A2A9C3A2DC}.Release|ARM.Build.0 = Release|Any CPU
		{026B1E28-BBD0-4F1F-AA12-85A2A9C3A2DC}.Release|ARM.Deploy.0 = Release|Any CPU
		{026B1E28-BBD0-4F1F-AA12-85A2A9C3A2DC}.Release|x86.ActiveCfg = Release|Any CPU
		{026B1E28-BBD0-4F1F-AA12-85A2A9C3A2DC}.Release|x86.Build.0 = Release|Any CPU
		{026B1E28-BBD0-4F1F-AA12-85A2A9C3A2DC}.Release|x86.Deploy.0 = Release|Any CPU
		{9C58A4FD-4F25-43A7-B28B-CAB4D5CEA007}.Debug|Any CPU.ActiveCfg = Debug|Any CPU
		{9C58A4FD-4F25-43A7-B28B-CAB4D5CEA007}.Debug|Any CPU.Build.0 = Debug|Any CPU
		{9C58A4FD-4F25-43A7-B28B-CAB4D5CEA007}.Debug|ARM.ActiveCfg = Release|Any CPU
		{9C58A4FD-4F25-43A7-B28B-CAB4D5CEA007}.Debug|ARM.Build.0 = Release|Any CPU
		{9C58A4FD-4F25-43A7-B28B-CAB4D5CEA007}.Debug|x86.ActiveCfg = Release|Any CPU
		{9C58A4FD-4F25-43A7-B28B-CAB4D5CEA007}.Debug|x86.Build.0 = Release|Any CPU
		{9C58A4FD-4F25-43A7-B28B-CAB4D5CEA007}.Release|Any CPU.ActiveCfg = Release|Any CPU
		{9C58A4FD-4F25-43A7-B28B-CAB4D5CEA007}.Release|Any CPU.Build.0 = Release|Any CPU
		{9C58A4FD-4F25-43A7-B28B-CAB4D5CEA007}.Release|ARM.ActiveCfg = Release|Any CPU
		{9C58A4FD-4F25-43A7-B28B-CAB4D5CEA007}.Release|ARM.Build.0 = Release|Any CPU
		{9C58A4FD-4F25-43A7-B28B-CAB4D5CEA007}.Release|x86.ActiveCfg = Release|Any CPU
		{9C58A4FD-4F25-43A7-B28B-CAB4D5CEA007}.Release|x86.Build.0 = Release|Any CPU
		{81EA0B0D-03F6-441B-998F-CCBF8F3C3FB6}.Debug|Any CPU.ActiveCfg = Debug|Any CPU
		{81EA0B0D-03F6-441B-998F-CCBF8F3C3FB6}.Debug|Any CPU.Build.0 = Debug|Any CPU
		{81EA0B0D-03F6-441B-998F-CCBF8F3C3FB6}.Debug|ARM.ActiveCfg = Release|Any CPU
		{81EA0B0D-03F6-441B-998F-CCBF8F3C3FB6}.Debug|ARM.Build.0 = Release|Any CPU
		{81EA0B0D-03F6-441B-998F-CCBF8F3C3FB6}.Debug|x86.ActiveCfg = Release|Any CPU
		{81EA0B0D-03F6-441B-998F-CCBF8F3C3FB6}.Debug|x86.Build.0 = Release|Any CPU
		{81EA0B0D-03F6-441B-998F-CCBF8F3C3FB6}.Release|Any CPU.ActiveCfg = Release|Any CPU
		{81EA0B0D-03F6-441B-998F-CCBF8F3C3FB6}.Release|Any CPU.Build.0 = Release|Any CPU
		{81EA0B0D-03F6-441B-998F-CCBF8F3C3FB6}.Release|ARM.ActiveCfg = Release|Any CPU
		{81EA0B0D-03F6-441B-998F-CCBF8F3C3FB6}.Release|ARM.Build.0 = Release|Any CPU
		{81EA0B0D-03F6-441B-998F-CCBF8F3C3FB6}.Release|x86.ActiveCfg = Release|Any CPU
		{81EA0B0D-03F6-441B-998F-CCBF8F3C3FB6}.Release|x86.Build.0 = Release|Any CPU
		{E8126477-C62A-471A-B110-D187087EFD70}.Debug|Any CPU.ActiveCfg = Debug|Any CPU
		{E8126477-C62A-471A-B110-D187087EFD70}.Debug|Any CPU.Build.0 = Debug|Any CPU
		{E8126477-C62A-471A-B110-D187087EFD70}.Debug|ARM.ActiveCfg = Debug|Any CPU
		{E8126477-C62A-471A-B110-D187087EFD70}.Debug|ARM.Build.0 = Debug|Any CPU
		{E8126477-C62A-471A-B110-D187087EFD70}.Debug|x86.ActiveCfg = Debug|Any CPU
		{E8126477-C62A-471A-B110-D187087EFD70}.Debug|x86.Build.0 = Debug|Any CPU
		{E8126477-C62A-471A-B110-D187087EFD70}.Release|Any CPU.ActiveCfg = Release|Any CPU
		{E8126477-C62A-471A-B110-D187087EFD70}.Release|Any CPU.Build.0 = Release|Any CPU
		{E8126477-C62A-471A-B110-D187087EFD70}.Release|ARM.ActiveCfg = Release|Any CPU
		{E8126477-C62A-471A-B110-D187087EFD70}.Release|ARM.Build.0 = Release|Any CPU
		{E8126477-C62A-471A-B110-D187087EFD70}.Release|x86.ActiveCfg = Release|Any CPU
		{E8126477-C62A-471A-B110-D187087EFD70}.Release|x86.Build.0 = Release|Any CPU
		{F8F47776-D0E6-4208-8D5C-D37F6168C7C6}.Debug|Any CPU.ActiveCfg = Debug|Any CPU
		{F8F47776-D0E6-4208-8D5C-D37F6168C7C6}.Debug|Any CPU.Build.0 = Debug|Any CPU
		{F8F47776-D0E6-4208-8D5C-D37F6168C7C6}.Debug|ARM.ActiveCfg = Debug|Any CPU
		{F8F47776-D0E6-4208-8D5C-D37F6168C7C6}.Debug|ARM.Build.0 = Debug|Any CPU
		{F8F47776-D0E6-4208-8D5C-D37F6168C7C6}.Debug|x86.ActiveCfg = Debug|Any CPU
		{F8F47776-D0E6-4208-8D5C-D37F6168C7C6}.Debug|x86.Build.0 = Debug|Any CPU
		{F8F47776-D0E6-4208-8D5C-D37F6168C7C6}.Release|Any CPU.ActiveCfg = Release|Any CPU
		{F8F47776-D0E6-4208-8D5C-D37F6168C7C6}.Release|Any CPU.Build.0 = Release|Any CPU
		{F8F47776-D0E6-4208-8D5C-D37F6168C7C6}.Release|ARM.ActiveCfg = Release|Any CPU
		{F8F47776-D0E6-4208-8D5C-D37F6168C7C6}.Release|ARM.Build.0 = Release|Any CPU
		{F8F47776-D0E6-4208-8D5C-D37F6168C7C6}.Release|x86.ActiveCfg = Release|Any CPU
		{F8F47776-D0E6-4208-8D5C-D37F6168C7C6}.Release|x86.Build.0 = Release|Any CPU
	EndGlobalSection
	GlobalSection(SolutionProperties) = preSolution
		HideSolutionNode = FALSE
	EndGlobalSection
EndGlobal
